
Microsoft Visual Studio Solution File, Format Version 10.00
# Visual Studio 2008
Project("{8BC9CEB8-8B4A-11D0-8D11-00A0C91BC942}") = "Kablooey", "Kablooey\Kablooey.vcproj", "{E198B481-DCD0-49E1-BE8A-55CABD3164BE}"
EndProject
Global
	GlobalSection(SolutionConfigurationPlatforms) = preSolution
		Debug|Win32 = Debug|Win32
		Release|Win32 = Release|Win32
	EndGlobalSection
	GlobalSection(ProjectConfigurationPlatforms) = postSolution
		{E198B481-DCD0-49E1-BE8A-55CABD3164BE}.Debug|Win32.ActiveCfg = Debug|Win32
		{E198B481-DCD0-49E1-BE8A-55CABD3164BE}.Debug|Win32.Build.0 = Debug|Win32
		{E198B481-DCD0-49E1-BE8A-55CABD3164BE}.Release|Win32.ActiveCfg = Release|Win32
		{E198B481-DCD0-49E1-BE8A-55CABD3164BE}.Release|Win32.Build.0 = Release|Win32
	EndGlobalSection
	GlobalSection(SolutionProperties) = preSolution
		HideSolutionNode = FALSE
	EndGlobalSection
EndGlobal
